// !$*UTF8*$!
{
	archiveVersion = 1;
	classes = {
	};
	objectVersion = 48;
	objects = {

/* Begin PBXBuildFile section */
		0B1427E0D66735BC4E7EA839 /* Pods_FlixTests.framework in Frameworks */ = {isa = PBXBuildFile; fileRef = 77C4A5A7478C568EBC3541FF /* Pods_FlixTests.framework */; };
		44DAD7E5279ADF2BA51B442C /* Pods_FlixUITests.framework in Frameworks */ = {isa = PBXBuildFile; fileRef = A6B5D6BEC8DB0E4FFFDE69EE /* Pods_FlixUITests.framework */; };
		7DE3539614DFBF8499585631 /* Pods_Flix.framework in Frameworks */ = {isa = PBXBuildFile; fileRef = 7AAAAEF31A44A75532D3A1F6 /* Pods_Flix.framework */; };
		980736EF20214D5B004793A1 /* AppDelegate.swift in Sources */ = {isa = PBXBuildFile; fileRef = 980736EE20214D5B004793A1 /* AppDelegate.swift */; };
		980736F120214D5B004793A1 /* HomeViewController.swift in Sources */ = {isa = PBXBuildFile; fileRef = 980736F020214D5B004793A1 /* HomeViewController.swift */; };
		980736F420214D5B004793A1 /* Main.storyboard in Resources */ = {isa = PBXBuildFile; fileRef = 980736F220214D5B004793A1 /* Main.storyboard */; };
		980736F620214D5B004793A1 /* Assets.xcassets in Resources */ = {isa = PBXBuildFile; fileRef = 980736F520214D5B004793A1 /* Assets.xcassets */; };
		980736F920214D5B004793A1 /* LaunchScreen.storyboard in Resources */ = {isa = PBXBuildFile; fileRef = 980736F720214D5B004793A1 /* LaunchScreen.storyboard */; };
		9807370420214D5B004793A1 /* FlixTests.swift in Sources */ = {isa = PBXBuildFile; fileRef = 9807370320214D5B004793A1 /* FlixTests.swift */; };
		9807370F20214D5B004793A1 /* FlixUITests.swift in Sources */ = {isa = PBXBuildFile; fileRef = 9807370E20214D5B004793A1 /* FlixUITests.swift */; };
		985267F1202156F700ED41E0 /* MovieTableViewCell.swift in Sources */ = {isa = PBXBuildFile; fileRef = 985267F0202156F700ED41E0 /* MovieTableViewCell.swift */; };
/* End PBXBuildFile section */

/* Begin PBXContainerItemProxy section */
		9807370020214D5B004793A1 /* PBXContainerItemProxy */ = {
			isa = PBXContainerItemProxy;
			containerPortal = 980736E320214D5B004793A1 /* Project object */;
			proxyType = 1;
			remoteGlobalIDString = 980736EA20214D5B004793A1;
			remoteInfo = Flix;
		};
		9807370B20214D5B004793A1 /* PBXContainerItemProxy */ = {
			isa = PBXContainerItemProxy;
			containerPortal = 980736E320214D5B004793A1 /* Project object */;
			proxyType = 1;
			remoteGlobalIDString = 980736EA20214D5B004793A1;
			remoteInfo = Flix;
		};
/* End PBXContainerItemProxy section */

/* Begin PBXFileReference section */
		2974089699CB097DC66DD1C4 /* Pods-FlixUITests.release.xcconfig */ = {isa = PBXFileReference; includeInIndex = 1; lastKnownFileType = text.xcconfig; name = "Pods-FlixUITests.release.xcconfig"; path = "Pods/Target Support Files/Pods-FlixUITests/Pods-FlixUITests.release.xcconfig"; sourceTree = "<group>"; };
		77C4A5A7478C568EBC3541FF /* Pods_FlixTests.framework */ = {isa = PBXFileReference; explicitFileType = wrapper.framework; includeInIndex = 0; path = Pods_FlixTests.framework; sourceTree = BUILT_PRODUCTS_DIR; };
		781FAF084CF2BFAF57AA663F /* Pods-FlixTests.release.xcconfig */ = {isa = PBXFileReference; includeInIndex = 1; lastKnownFileType = text.xcconfig; name = "Pods-FlixTests.release.xcconfig"; path = "Pods/Target Support Files/Pods-FlixTests/Pods-FlixTests.release.xcconfig"; sourceTree = "<group>"; };
		7AAAAEF31A44A75532D3A1F6 /* Pods_Flix.framework */ = {isa = PBXFileReference; explicitFileType = wrapper.framework; includeInIndex = 0; path = Pods_Flix.framework; sourceTree = BUILT_PRODUCTS_DIR; };
		8BC1CFA98BD67A9AE3B095B5 /* Pods-FlixTests.debug.xcconfig */ = {isa = PBXFileReference; includeInIndex = 1; lastKnownFileType = text.xcconfig; name = "Pods-FlixTests.debug.xcconfig"; path = "Pods/Target Support Files/Pods-FlixTests/Pods-FlixTests.debug.xcconfig"; sourceTree = "<group>"; };
		90784E66C3E7B44A1B06E27D /* Pods-Flix.release.xcconfig */ = {isa = PBXFileReference; includeInIndex = 1; lastKnownFileType = text.xcconfig; name = "Pods-Flix.release.xcconfig"; path = "Pods/Target Support Files/Pods-Flix/Pods-Flix.release.xcconfig"; sourceTree = "<group>"; };
		980736EB20214D5B004793A1 /* Flix.app */ = {isa = PBXFileReference; explicitFileType = wrapper.application; includeInIndex = 0; path = Flix.app; sourceTree = BUILT_PRODUCTS_DIR; };
		980736EE20214D5B004793A1 /* AppDelegate.swift */ = {isa = PBXFileReference; lastKnownFileType = sourcecode.swift; path = AppDelegate.swift; sourceTree = "<group>"; };
		980736F020214D5B004793A1 /* HomeViewController.swift */ = {isa = PBXFileReference; lastKnownFileType = sourcecode.swift; path = HomeViewController.swift; sourceTree = "<group>"; };
		980736F320214D5B004793A1 /* Base */ = {isa = PBXFileReference; lastKnownFileType = file.storyboard; name = Base; path = Base.lproj/Main.storyboard; sourceTree = "<group>"; };
		980736F520214D5B004793A1 /* Assets.xcassets */ = {isa = PBXFileReference; lastKnownFileType = folder.assetcatalog; path = Assets.xcassets; sourceTree = "<group>"; };
		980736F820214D5B004793A1 /* Base */ = {isa = PBXFileReference; lastKnownFileType = file.storyboard; name = Base; path = Base.lproj/LaunchScreen.storyboard; sourceTree = "<group>"; };
		980736FA20214D5B004793A1 /* Info.plist */ = {isa = PBXFileReference; lastKnownFileType = text.plist.xml; path = Info.plist; sourceTree = "<group>"; };
		980736FF20214D5B004793A1 /* FlixTests.xctest */ = {isa = PBXFileReference; explicitFileType = wrapper.cfbundle; includeInIndex = 0; path = FlixTests.xctest; sourceTree = BUILT_PRODUCTS_DIR; };
		9807370320214D5B004793A1 /* FlixTests.swift */ = {isa = PBXFileReference; lastKnownFileType = sourcecode.swift; path = FlixTests.swift; sourceTree = "<group>"; };
		9807370520214D5B004793A1 /* Info.plist */ = {isa = PBXFileReference; lastKnownFileType = text.plist.xml; path = Info.plist; sourceTree = "<group>"; };
		9807370A20214D5B004793A1 /* FlixUITests.xctest */ = {isa = PBXFileReference; explicitFileType = wrapper.cfbundle; includeInIndex = 0; path = FlixUITests.xctest; sourceTree = BUILT_PRODUCTS_DIR; };
		9807370E20214D5B004793A1 /* FlixUITests.swift */ = {isa = PBXFileReference; lastKnownFileType = sourcecode.swift; path = FlixUITests.swift; sourceTree = "<group>"; };
		9807371020214D5B004793A1 /* Info.plist */ = {isa = PBXFileReference; lastKnownFileType = text.plist.xml; path = Info.plist; sourceTree = "<group>"; };
		985267F0202156F700ED41E0 /* MovieTableViewCell.swift */ = {isa = PBXFileReference; lastKnownFileType = sourcecode.swift; path = MovieTableViewCell.swift; sourceTree = "<group>"; };
		A6B5D6BEC8DB0E4FFFDE69EE /* Pods_FlixUITests.framework */ = {isa = PBXFileReference; explicitFileType = wrapper.framework; includeInIndex = 0; path = Pods_FlixUITests.framework; sourceTree = BUILT_PRODUCTS_DIR; };
		CD0F11E154D934FE7D366B5F /* Pods-FlixUITests.debug.xcconfig */ = {isa = PBXFileReference; includeInIndex = 1; lastKnownFileType = text.xcconfig; name = "Pods-FlixUITests.debug.xcconfig"; path = "Pods/Target Support Files/Pods-FlixUITests/Pods-FlixUITests.debug.xcconfig"; sourceTree = "<group>"; };
		D46F41CE32C913B76AE697FA /* Pods-Flix.debug.xcconfig */ = {isa = PBXFileReference; includeInIndex = 1; lastKnownFileType = text.xcconfig; name = "Pods-Flix.debug.xcconfig"; path = "Pods/Target Support Files/Pods-Flix/Pods-Flix.debug.xcconfig"; sourceTree = "<group>"; };
/* End PBXFileReference section */

/* Begin PBXFrameworksBuildPhase section */
		980736E820214D5B004793A1 /* Frameworks */ = {
			isa = PBXFrameworksBuildPhase;
			buildActionMask = 2147483647;
			files = (
				7DE3539614DFBF8499585631 /* Pods_Flix.framework in Frameworks */,
			);
			runOnlyForDeploymentPostprocessing = 0;
		};
		980736FC20214D5B004793A1 /* Frameworks */ = {
			isa = PBXFrameworksBuildPhase;
			buildActionMask = 2147483647;
			files = (
				0B1427E0D66735BC4E7EA839 /* Pods_FlixTests.framework in Frameworks */,
			);
			runOnlyForDeploymentPostprocessing = 0;
		};
		9807370720214D5B004793A1 /* Frameworks */ = {
			isa = PBXFrameworksBuildPhase;
			buildActionMask = 2147483647;
			files = (
				44DAD7E5279ADF2BA51B442C /* Pods_FlixUITests.framework in Frameworks */,
			);
			runOnlyForDeploymentPostprocessing = 0;
		};
/* End PBXFrameworksBuildPhase section */

/* Begin PBXGroup section */
		1AC24B2BAB4E6836EC0EA8E0 /* Pods */ = {
			isa = PBXGroup;
			children = (
				D46F41CE32C913B76AE697FA /* Pods-Flix.debug.xcconfig */,
				90784E66C3E7B44A1B06E27D /* Pods-Flix.release.xcconfig */,
				8BC1CFA98BD67A9AE3B095B5 /* Pods-FlixTests.debug.xcconfig */,
				781FAF084CF2BFAF57AA663F /* Pods-FlixTests.release.xcconfig */,
				CD0F11E154D934FE7D366B5F /* Pods-FlixUITests.debug.xcconfig */,
				2974089699CB097DC66DD1C4 /* Pods-FlixUITests.release.xcconfig */,
			);
			name = Pods;
			sourceTree = "<group>";
		};
		980736E220214D5B004793A1 = {
			isa = PBXGroup;
			children = (
				980736ED20214D5B004793A1 /* Flix */,
				9807370220214D5B004793A1 /* FlixTests */,
				9807370D20214D5B004793A1 /* FlixUITests */,
				980736EC20214D5B004793A1 /* Products */,
				1AC24B2BAB4E6836EC0EA8E0 /* Pods */,
				BDD25C1A9640E4EE8C14B6AD /* Frameworks */,
			);
			sourceTree = "<group>";
		};
		980736EC20214D5B004793A1 /* Products */ = {
			isa = PBXGroup;
			children = (
				980736EB20214D5B004793A1 /* Flix.app */,
				980736FF20214D5B004793A1 /* FlixTests.xctest */,
				9807370A20214D5B004793A1 /* FlixUITests.xctest */,
			);
			name = Products;
			sourceTree = "<group>";
		};
		980736ED20214D5B004793A1 /* Flix */ = {
			isa = PBXGroup;
			children = (
				980736EE20214D5B004793A1 /* AppDelegate.swift */,
				985267EF2021513200ED41E0 /* Model */,
				985267EE2021512800ED41E0 /* View */,
				985267ED2021511A00ED41E0 /* Controller */,
				980736F520214D5B004793A1 /* Assets.xcassets */,
				980736FA20214D5B004793A1 /* Info.plist */,
			);
			path = Flix;
			sourceTree = "<group>";
		};
		9807370220214D5B004793A1 /* FlixTests */ = {
			isa = PBXGroup;
			children = (
				9807370320214D5B004793A1 /* FlixTests.swift */,
				9807370520214D5B004793A1 /* Info.plist */,
			);
			path = FlixTests;
			sourceTree = "<group>";
		};
		9807370D20214D5B004793A1 /* FlixUITests */ = {
			isa = PBXGroup;
			children = (
				9807370E20214D5B004793A1 /* FlixUITests.swift */,
				9807371020214D5B004793A1 /* Info.plist */,
			);
			path = FlixUITests;
			sourceTree = "<group>";
		};
		985267ED2021511A00ED41E0 /* Controller */ = {
			isa = PBXGroup;
			children = (
				980736F020214D5B004793A1 /* HomeViewController.swift */,
			);
			path = Controller;
			sourceTree = "<group>";
		};
		985267EE2021512800ED41E0 /* View */ = {
			isa = PBXGroup;
			children = (
				980736F220214D5B004793A1 /* Main.storyboard */,
				980736F720214D5B004793A1 /* LaunchScreen.storyboard */,
			);
			path = View;
			sourceTree = "<group>";
		};
		985267EF2021513200ED41E0 /* Model */ = {
			isa = PBXGroup;
			children = (
				985267F0202156F700ED41E0 /* MovieTableViewCell.swift */,
			);
			path = Model;
			sourceTree = "<group>";
		};
		BDD25C1A9640E4EE8C14B6AD /* Frameworks */ = {
			isa = PBXGroup;
			children = (
				7AAAAEF31A44A75532D3A1F6 /* Pods_Flix.framework */,
				77C4A5A7478C568EBC3541FF /* Pods_FlixTests.framework */,
				A6B5D6BEC8DB0E4FFFDE69EE /* Pods_FlixUITests.framework */,
			);
			name = Frameworks;
			sourceTree = "<group>";
		};
/* End PBXGroup section */

/* Begin PBXNativeTarget section */
		980736EA20214D5B004793A1 /* Flix */ = {
			isa = PBXNativeTarget;
			buildConfigurationList = 9807371320214D5B004793A1 /* Build configuration list for PBXNativeTarget "Flix" */;
			buildPhases = (
				2539C26DD750DA21CDD2544E /* [CP] Check Pods Manifest.lock */,
				980736E720214D5B004793A1 /* Sources */,
				980736E820214D5B004793A1 /* Frameworks */,
				980736E920214D5B004793A1 /* Resources */,
				1A02F0BBE92F4D394CBD2C8C /* [CP] Embed Pods Frameworks */,
				34945F5E770724DD075B6D92 /* [CP] Copy Pods Resources */,
			);
			buildRules = (
			);
			dependencies = (
			);
			name = Flix;
			productName = Flix;
			productReference = 980736EB20214D5B004793A1 /* Flix.app */;
			productType = "com.apple.product-type.application";
		};
		980736FE20214D5B004793A1 /* FlixTests */ = {
			isa = PBXNativeTarget;
			buildConfigurationList = 9807371620214D5B004793A1 /* Build configuration list for PBXNativeTarget "FlixTests" */;
			buildPhases = (
				E7DCA8939CCB96F6B58D9D68 /* [CP] Check Pods Manifest.lock */,
				980736FB20214D5B004793A1 /* Sources */,
				980736FC20214D5B004793A1 /* Frameworks */,
				980736FD20214D5B004793A1 /* Resources */,
				F35354FF2F6357B904935088 /* [CP] Embed Pods Frameworks */,
				0FDC56350EF539E9BDBCF369 /* [CP] Copy Pods Resources */,
			);
			buildRules = (
			);
			dependencies = (
				9807370120214D5B004793A1 /* PBXTargetDependency */,
			);
			name = FlixTests;
			productName = FlixTests;
			productReference = 980736FF20214D5B004793A1 /* FlixTests.xctest */;
			productType = "com.apple.product-type.bundle.unit-test";
		};
		9807370920214D5B004793A1 /* FlixUITests */ = {
			isa = PBXNativeTarget;
			buildConfigurationList = 9807371920214D5B004793A1 /* Build configuration list for PBXNativeTarget "FlixUITests" */;
			buildPhases = (
				B70DC6968FF25CF78B581298 /* [CP] Check Pods Manifest.lock */,
				9807370620214D5B004793A1 /* Sources */,
				9807370720214D5B004793A1 /* Frameworks */,
				9807370820214D5B004793A1 /* Resources */,
				E2C0F0E0ED693C6C5AC4811A /* [CP] Embed Pods Frameworks */,
				C67C188FD61BE36108F350C3 /* [CP] Copy Pods Resources */,
			);
			buildRules = (
			);
			dependencies = (
				9807370C20214D5B004793A1 /* PBXTargetDependency */,
			);
			name = FlixUITests;
			productName = FlixUITests;
			productReference = 9807370A20214D5B004793A1 /* FlixUITests.xctest */;
			productType = "com.apple.product-type.bundle.ui-testing";
		};
/* End PBXNativeTarget section */

/* Begin PBXProject section */
		980736E320214D5B004793A1 /* Project object */ = {
			isa = PBXProject;
			attributes = {
				LastSwiftUpdateCheck = 0920;
				LastUpgradeCheck = 0920;
				ORGANIZATIONNAME = "Mihai Ruber";
				TargetAttributes = {
					980736EA20214D5B004793A1 = {
						CreatedOnToolsVersion = 9.2;
						ProvisioningStyle = Automatic;
					};
					980736FE20214D5B004793A1 = {
						CreatedOnToolsVersion = 9.2;
						ProvisioningStyle = Automatic;
						TestTargetID = 980736EA20214D5B004793A1;
					};
					9807370920214D5B004793A1 = {
						CreatedOnToolsVersion = 9.2;
						ProvisioningStyle = Automatic;
						TestTargetID = 980736EA20214D5B004793A1;
					};
				};
			};
			buildConfigurationList = 980736E620214D5B004793A1 /* Build configuration list for PBXProject "Flix" */;
			compatibilityVersion = "Xcode 8.0";
			developmentRegion = en;
			hasScannedForEncodings = 0;
			knownRegions = (
				en,
				Base,
			);
			mainGroup = 980736E220214D5B004793A1;
			productRefGroup = 980736EC20214D5B004793A1 /* Products */;
			projectDirPath = "";
			projectRoot = "";
			targets = (
				980736EA20214D5B004793A1 /* Flix */,
				980736FE20214D5B004793A1 /* FlixTests */,
				9807370920214D5B004793A1 /* FlixUITests */,
			);
		};
/* End PBXProject section */

/* Begin PBXResourcesBuildPhase section */
		980736E920214D5B004793A1 /* Resources */ = {
			isa = PBXResourcesBuildPhase;
			buildActionMask = 2147483647;
			files = (
				980736F920214D5B004793A1 /* LaunchScreen.storyboard in Resources */,
				980736F620214D5B004793A1 /* Assets.xcassets in Resources */,
				980736F420214D5B004793A1 /* Main.storyboard in Resources */,
			);
			runOnlyForDeploymentPostprocessing = 0;
		};
		980736FD20214D5B004793A1 /* Resources */ = {
			isa = PBXResourcesBuildPhase;
			buildActionMask = 2147483647;
			files = (
			);
			runOnlyForDeploymentPostprocessing = 0;
		};
		9807370820214D5B004793A1 /* Resources */ = {
			isa = PBXResourcesBuildPhase;
			buildActionMask = 2147483647;
			files = (
			);
			runOnlyForDeploymentPostprocessing = 0;
		};
/* End PBXResourcesBuildPhase section */

/* Begin PBXShellScriptBuildPhase section */
		0FDC56350EF539E9BDBCF369 /* [CP] Copy Pods Resources */ = {
			isa = PBXShellScriptBuildPhase;
			buildActionMask = 2147483647;
			files = (
			);
			inputPaths = (
			);
			name = "[CP] Copy Pods Resources";
			outputPaths = (
			);
			runOnlyForDeploymentPostprocessing = 0;
			shellPath = /bin/sh;
			shellScript = "\"${SRCROOT}/Pods/Target Support Files/Pods-FlixTests/Pods-FlixTests-resources.sh\"\n";
			showEnvVarsInLog = 0;
		};
		1A02F0BBE92F4D394CBD2C8C /* [CP] Embed Pods Frameworks */ = {
			isa = PBXShellScriptBuildPhase;
			buildActionMask = 2147483647;
			files = (
			);
			inputPaths = (
				"${SRCROOT}/Pods/Target Support Files/Pods-Flix/Pods-Flix-frameworks.sh",
				"${BUILT_PRODUCTS_DIR}/Alamofire/Alamofire.framework",
				"${BUILT_PRODUCTS_DIR}/AlamofireImage/AlamofireImage.framework",
			);
			name = "[CP] Embed Pods Frameworks";
			outputPaths = (
				"${TARGET_BUILD_DIR}/${FRAMEWORKS_FOLDER_PATH}/Alamofire.framework",
				"${TARGET_BUILD_DIR}/${FRAMEWORKS_FOLDER_PATH}/AlamofireImage.framework",
			);
			runOnlyForDeploymentPostprocessing = 0;
			shellPath = /bin/sh;
			shellScript = "\"${SRCROOT}/Pods/Target Support Files/Pods-Flix/Pods-Flix-frameworks.sh\"\n";
			showEnvVarsInLog = 0;
		};
		2539C26DD750DA21CDD2544E /* [CP] Check Pods Manifest.lock */ = {
			isa = PBXShellScriptBuildPhase;
			buildActionMask = 2147483647;
			files = (
			);
			inputPaths = (
				"${PODS_PODFILE_DIR_PATH}/Podfile.lock",
				"${PODS_ROOT}/Manifest.lock",
			);
			name = "[CP] Check Pods Manifest.lock";
			outputPaths = (
				"$(DERIVED_FILE_DIR)/Pods-Flix-checkManifestLockResult.txt",
			);
			runOnlyForDeploymentPostprocessing = 0;
			shellPath = /bin/sh;
			shellScript = "diff \"${PODS_PODFILE_DIR_PATH}/Podfile.lock\" \"${PODS_ROOT}/Manifest.lock\" > /dev/null\nif [ $? != 0 ] ; then\n    # print error to STDERR\n    echo \"error: The sandbox is not in sync with the Podfile.lock. Run 'pod install' or update your CocoaPods installation.\" >&2\n    exit 1\nfi\n# This output is used by Xcode 'outputs' to avoid re-running this script phase.\necho \"SUCCESS\" > \"${SCRIPT_OUTPUT_FILE_0}\"\n";
			showEnvVarsInLog = 0;
		};
		34945F5E770724DD075B6D92 /* [CP] Copy Pods Resources */ = {
			isa = PBXShellScriptBuildPhase;
			buildActionMask = 2147483647;
			files = (
			);
			inputPaths = (
			);
			name = "[CP] Copy Pods Resources";
			outputPaths = (
			);
			runOnlyForDeploymentPostprocessing = 0;
			shellPath = /bin/sh;
			shellScript = "\"${SRCROOT}/Pods/Target Support Files/Pods-Flix/Pods-Flix-resources.sh\"\n";
			showEnvVarsInLog = 0;
		};
		B70DC6968FF25CF78B581298 /* [CP] Check Pods Manifest.lock */ = {
			isa = PBXShellScriptBuildPhase;
			buildActionMask = 2147483647;
			files = (
			);
			inputPaths = (
				"${PODS_PODFILE_DIR_PATH}/Podfile.lock",
				"${PODS_ROOT}/Manifest.lock",
			);
			name = "[CP] Check Pods Manifest.lock";
			outputPaths = (
				"$(DERIVED_FILE_DIR)/Pods-FlixUITests-checkManifestLockResult.txt",
			);
			runOnlyForDeploymentPostprocessing = 0;
			shellPath = /bin/sh;
			shellScript = "diff \"${PODS_PODFILE_DIR_PATH}/Podfile.lock\" \"${PODS_ROOT}/Manifest.lock\" > /dev/null\nif [ $? != 0 ] ; then\n    # print error to STDERR\n    echo \"error: The sandbox is not in sync with the Podfile.lock. Run 'pod install' or update your CocoaPods installation.\" >&2\n    exit 1\nfi\n# This output is used by Xcode 'outputs' to avoid re-running this script phase.\necho \"SUCCESS\" > \"${SCRIPT_OUTPUT_FILE_0}\"\n";
			showEnvVarsInLog = 0;
		};
		C67C188FD61BE36108F350C3 /* [CP] Copy Pods Resources */ = {
			isa = PBXShellScriptBuildPhase;
			buildActionMask = 2147483647;
			files = (
			);
			inputPaths = (
			);
			name = "[CP] Copy Pods Resources";
			outputPaths = (
			);
			runOnlyForDeploymentPostprocessing = 0;
			shellPath = /bin/sh;
			shellScript = "\"${SRCROOT}/Pods/Target Support Files/Pods-FlixUITests/Pods-FlixUITests-resources.sh\"\n";
			showEnvVarsInLog = 0;
		};
		E2C0F0E0ED693C6C5AC4811A /* [CP] Embed Pods Frameworks */ = {
			isa = PBXShellScriptBuildPhase;
			buildActionMask = 2147483647;
			files = (
			);
			inputPaths = (
			);
			name = "[CP] Embed Pods Frameworks";
			outputPaths = (
			);
			runOnlyForDeploymentPostprocessing = 0;
			shellPath = /bin/sh;
			shellScript = "\"${SRCROOT}/Pods/Target Support Files/Pods-FlixUITests/Pods-FlixUITests-frameworks.sh\"\n";
			showEnvVarsInLog = 0;
		};
		E7DCA8939CCB96F6B58D9D68 /* [CP] Check Pods Manifest.lock */ = {
			isa = PBXShellScriptBuildPhase;
			buildActionMask = 2147483647;
			files = (
			);
			inputPaths = (
				"${PODS_PODFILE_DIR_PATH}/Podfile.lock",
				"${PODS_ROOT}/Manifest.lock",
			);
			name = "[CP] Check Pods Manifest.lock";
			outputPaths = (
				"$(DERIVED_FILE_DIR)/Pods-FlixTests-checkManifestLockResult.txt",
			);
			runOnlyForDeploymentPostprocessing = 0;
			shellPath = /bin/sh;
			shellScript = "diff \"${PODS_PODFILE_DIR_PATH}/Podfile.lock\" \"${PODS_ROOT}/Manifest.lock\" > /dev/null\nif [ $? != 0 ] ; then\n    # print error to STDERR\n    echo \"error: The sandbox is not in sync with the Podfile.lock. Run 'pod install' or update your CocoaPods installation.\" >&2\n    exit 1\nfi\n# This output is used by Xcode 'outputs' to avoid re-running this script phase.\necho \"SUCCESS\" > \"${SCRIPT_OUTPUT_FILE_0}\"\n";
			showEnvVarsInLog = 0;
		};
		F35354FF2F6357B904935088 /* [CP] Embed Pods Frameworks */ = {
			isa = PBXShellScriptBuildPhase;
			buildActionMask = 2147483647;
			files = (
			);
			inputPaths = (
			);
			name = "[CP] Embed Pods Frameworks";
			outputPaths = (
			);
			runOnlyForDeploymentPostprocessing = 0;
			shellPath = /bin/sh;
			shellScript = "\"${SRCROOT}/Pods/Target Support Files/Pods-FlixTests/Pods-FlixTests-frameworks.sh\"\n";
			showEnvVarsInLog = 0;
		};
/* End PBXShellScriptBuildPhase section */

/* Begin PBXSourcesBuildPhase section */
		980736E720214D5B004793A1 /* Sources */ = {
			isa = PBXSourcesBuildPhase;
			buildActionMask = 2147483647;
			files = (
				980736F120214D5B004793A1 /* HomeViewController.swift in Sources */,
				980736EF20214D5B004793A1 /* AppDelegate.swift in Sources */,
				985267F1202156F700ED41E0 /* MovieTableViewCell.swift in Sources */,
			);
			runOnlyForDeploymentPostprocessing = 0;
		};
		980736FB20214D5B004793A1 /* Sources */ = {
			isa = PBXSourcesBuildPhase;
			buildActionMask = 2147483647;
			files = (
				9807370420214D5B004793A1 /* FlixTests.swift in Sources */,
			);
			runOnlyForDeploymentPostprocessing = 0;
		};
		9807370620214D5B004793A1 /* Sources */ = {
			isa = PBXSourcesBuildPhase;
			buildActionMask = 2147483647;
			files = (
				9807370F20214D5B004793A1 /* FlixUITests.swift in Sources */,
			);
			runOnlyForDeploymentPostprocessing = 0;
		};
/* End PBXSourcesBuildPhase section */

/* Begin PBXTargetDependency section */
		9807370120214D5B004793A1 /* PBXTargetDependency */ = {
			isa = PBXTargetDependency;
			target = 980736EA20214D5B004793A1 /* Flix */;
			targetProxy = 9807370020214D5B004793A1 /* PBXContainerItemProxy */;
		};
		9807370C20214D5B004793A1 /* PBXTargetDependency */ = {
			isa = PBXTargetDependency;
			target = 980736EA20214D5B004793A1 /* Flix */;
			targetProxy = 9807370B20214D5B004793A1 /* PBXContainerItemProxy */;
		};
/* End PBXTargetDependency section */

/* Begin PBXVariantGroup section */
		980736F220214D5B004793A1 /* Main.storyboard */ = {
			isa = PBXVariantGroup;
			children = (
				980736F320214D5B004793A1 /* Base */,
			);
			name = Main.storyboard;
			sourceTree = "<group>";
		};
		980736F720214D5B004793A1 /* LaunchScreen.storyboard */ = {
			isa = PBXVariantGroup;
			children = (
				980736F820214D5B004793A1 /* Base */,
			);
			name = LaunchScreen.storyboard;
			sourceTree = "<group>";
		};
/* End PBXVariantGroup section */

/* Begin XCBuildConfiguration section */
		9807371120214D5B004793A1 /* Debug */ = {
			isa = XCBuildConfiguration;
			buildSettings = {
				ALWAYS_SEARCH_USER_PATHS = NO;
				CLANG_ANALYZER_NONNULL = YES;
				CLANG_ANALYZER_NUMBER_OBJECT_CONVERSION = YES_AGGRESSIVE;
				CLANG_CXX_LANGUAGE_STANDARD = "gnu++14";
				CLANG_CXX_LIBRARY = "libc++";
				CLANG_ENABLE_MODULES = YES;
				CLANG_ENABLE_OBJC_ARC = YES;
				CLANG_WARN_BLOCK_CAPTURE_AUTORELEASING = YES;
				CLANG_WARN_BOOL_CONVERSION = YES;
				CLANG_WARN_COMMA = YES;
				CLANG_WARN_CONSTANT_CONVERSION = YES;
				CLANG_WARN_DIRECT_OBJC_ISA_USAGE = YES_ERROR;
				CLANG_WARN_DOCUMENTATION_COMMENTS = YES;
				CLANG_WARN_EMPTY_BODY = YES;
				CLANG_WARN_ENUM_CONVERSION = YES;
				CLANG_WARN_INFINITE_RECURSION = YES;
				CLANG_WARN_INT_CONVERSION = YES;
				CLANG_WARN_NON_LITERAL_NULL_CONVERSION = YES;
				CLANG_WARN_OBJC_LITERAL_CONVERSION = YES;
				CLANG_WARN_OBJC_ROOT_CLASS = YES_ERROR;
				CLANG_WARN_RANGE_LOOP_ANALYSIS = YES;
				CLANG_WARN_STRICT_PROTOTYPES = YES;
				CLANG_WARN_SUSPICIOUS_MOVE = YES;
				CLANG_WARN_UNGUARDED_AVAILABILITY = YES_AGGRESSIVE;
				CLANG_WARN_UNREACHABLE_CODE = YES;
				CLANG_WARN__DUPLICATE_METHOD_MATCH = YES;
				CODE_SIGN_IDENTITY = "iPhone Developer";
				COPY_PHASE_STRIP = NO;
				DEBUG_INFORMATION_FORMAT = dwarf;
				ENABLE_STRICT_OBJC_MSGSEND = YES;
				ENABLE_TESTABILITY = YES;
				GCC_C_LANGUAGE_STANDARD = gnu11;
				GCC_DYNAMIC_NO_PIC = NO;
				GCC_NO_COMMON_BLOCKS = YES;
				GCC_OPTIMIZATION_LEVEL = 0;
				GCC_PREPROCESSOR_DEFINITIONS = (
					"DEBUG=1",
					"$(inherited)",
				);
				GCC_WARN_64_TO_32_BIT_CONVERSION = YES;
				GCC_WARN_ABOUT_RETURN_TYPE = YES_ERROR;
				GCC_WARN_UNDECLARED_SELECTOR = YES;
				GCC_WARN_UNINITIALIZED_AUTOS = YES_AGGRESSIVE;
				GCC_WARN_UNUSED_FUNCTION = YES;
				GCC_WARN_UNUSED_VARIABLE = YES;
				IPHONEOS_DEPLOYMENT_TARGET = 11.2;
				MTL_ENABLE_DEBUG_INFO = YES;
				ONLY_ACTIVE_ARCH = YES;
				SDKROOT = iphoneos;
				SWIFT_ACTIVE_COMPILATION_CONDITIONS = DEBUG;
				SWIFT_OPTIMIZATION_LEVEL = "-Onone";
			};
			name = Debug;
		};
		9807371220214D5B004793A1 /* Release */ = {
			isa = XCBuildConfiguration;
			buildSettings = {
				ALWAYS_SEARCH_USER_PATHS = NO;
				CLANG_ANALYZER_NONNULL = YES;
				CLANG_ANALYZER_NUMBER_OBJECT_CONVERSION = YES_AGGRESSIVE;
				CLANG_CXX_LANGUAGE_STANDARD = "gnu++14";
				CLANG_CXX_LIBRARY = "libc++";
				CLANG_ENABLE_MODULES = YES;
				CLANG_ENABLE_OBJC_ARC = YES;
				CLANG_WARN_BLOCK_CAPTURE_AUTORELEASING = YES;
				CLANG_WARN_BOOL_CONVERSION = YES;
				CLANG_WARN_COMMA = YES;
				CLANG_WARN_CONSTANT_CONVERSION = YES;
				CLANG_WARN_DIRECT_OBJC_ISA_USAGE = YES_ERROR;
				CLANG_WARN_DOCUMENTATION_COMMENTS = YES;
				CLANG_WARN_EMPTY_BODY = YES;
				CLANG_WARN_ENUM_CONVERSION = YES;
				CLANG_WARN_INFINITE_RECURSION = YES;
				CLANG_WARN_INT_CONVERSION = YES;
				CLANG_WARN_NON_LITERAL_NULL_CONVERSION = YES;
				CLANG_WARN_OBJC_LITERAL_CONVERSION = YES;
				CLANG_WARN_OBJC_ROOT_CLASS = YES_ERROR;
				CLANG_WARN_RANGE_LOOP_ANALYSIS = YES;
				CLANG_WARN_STRICT_PROTOTYPES = YES;
				CLANG_WARN_SUSPICIOUS_MOVE = YES;
				CLANG_WARN_UNGUARDED_AVAILABILITY = YES_AGGRESSIVE;
				CLANG_WARN_UNREACHABLE_CODE = YES;
				CLANG_WARN__DUPLICATE_METHOD_MATCH = YES;
				CODE_SIGN_IDENTITY = "iPhone Developer";
				COPY_PHASE_STRIP = NO;
				DEBUG_INFORMATION_FORMAT = "dwarf-with-dsym";
				ENABLE_NS_ASSERTIONS = NO;
				ENABLE_STRICT_OBJC_MSGSEND = YES;
				GCC_C_LANGUAGE_STANDARD = gnu11;
				GCC_NO_COMMON_BLOCKS = YES;
				GCC_WARN_64_TO_32_BIT_CONVERSION = YES;
				GCC_WARN_ABOUT_RETURN_TYPE = YES_ERROR;
				GCC_WARN_UNDECLARED_SELECTOR = YES;
				GCC_WARN_UNINITIALIZED_AUTOS = YES_AGGRESSIVE;
				GCC_WARN_UNUSED_FUNCTION = YES;
				GCC_WARN_UNUSED_VARIABLE = YES;
				IPHONEOS_DEPLOYMENT_TARGET = 11.2;
				MTL_ENABLE_DEBUG_INFO = NO;
				SDKROOT = iphoneos;
				SWIFT_OPTIMIZATION_LEVEL = "-Owholemodule";
				VALIDATE_PRODUCT = YES;
			};
			name = Release;
		};
		9807371420214D5B004793A1 /* Debug */ = {
			isa = XCBuildConfiguration;
			baseConfigurationReference = D46F41CE32C913B76AE697FA /* Pods-Flix.debug.xcconfig */;
			buildSettings = {
				ASSETCATALOG_COMPILER_APPICON_NAME = AppIcon;
				CODE_SIGN_STYLE = Automatic;
				DEVELOPMENT_TEAM = DSX523G48J;
				INFOPLIST_FILE = Flix/Info.plist;
				LD_RUNPATH_SEARCH_PATHS = "$(inherited) @executable_path/Frameworks";
				PRODUCT_BUNDLE_IDENTIFIER = com.ruberapps.Flix;
				PRODUCT_NAME = "$(TARGET_NAME)";
				SWIFT_VERSION = 4.0;
				TARGETED_DEVICE_FAMILY = "1,2";
			};
			name = Debug;
		};
		9807371520214D5B004793A1 /* Release */ = {
			isa = XCBuildConfiguration;
			baseConfigurationReference = 90784E66C3E7B44A1B06E27D /* Pods-Flix.release.xcconfig */;
			buildSettings = {
				ASSETCATALOG_COMPILER_APPICON_NAME = AppIcon;
				CODE_SIGN_STYLE = Automatic;
				DEVELOPMENT_TEAM = DSX523G48J;
				INFOPLIST_FILE = Flix/Info.plist;
				LD_RUNPATH_SEARCH_PATHS = "$(inherited) @executable_path/Frameworks";
				PRODUCT_BUNDLE_IDENTIFIER = com.ruberapps.Flix;
				PRODUCT_NAME = "$(TARGET_NAME)";
				SWIFT_VERSION = 4.0;
				TARGETED_DEVICE_FAMILY = "1,2";
			};
			name = Release;
		};
		9807371720214D5B004793A1 /* Debug */ = {
			isa = XCBuildConfiguration;
			baseConfigurationReference = 8BC1CFA98BD67A9AE3B095B5 /* Pods-FlixTests.debug.xcconfig */;
			buildSettings = {
				ALWAYS_EMBED_SWIFT_STANDARD_LIBRARIES = YES;
				BUNDLE_LOADER = "$(TEST_HOST)";
				CODE_SIGN_STYLE = Automatic;
				DEVELOPMENT_TEAM = DSX523G48J;
				INFOPLIST_FILE = FlixTests/Info.plist;
				LD_RUNPATH_SEARCH_PATHS = "$(inherited) @executable_path/Frameworks @loader_path/Frameworks";
				PRODUCT_BUNDLE_IDENTIFIER = com.ruberapps.FlixTests;
				PRODUCT_NAME = "$(TARGET_NAME)";
				SWIFT_VERSION = 4.0;
				TARGETED_DEVICE_FAMILY = "1,2";
				TEST_HOST = "$(BUILT_PRODUCTS_DIR)/Flix.app/Flix";
			};
			name = Debug;
		};
		9807371820214D5B004793A1 /* Release */ = {
			isa = XCBuildConfiguration;
			baseConfigurationReference = 781FAF084CF2BFAF57AA663F /* Pods-FlixTests.release.xcconfig */;
			buildSettings = {
				ALWAYS_EMBED_SWIFT_STANDARD_LIBRARIES = YES;
				BUNDLE_LOADER = "$(TEST_HOST)";
				CODE_SIGN_STYLE = Automatic;
				DEVELOPMENT_TEAM = DSX523G48J;
				INFOPLIST_FILE = FlixTests/Info.plist;
				LD_RUNPATH_SEARCH_PATHS = "$(inherited) @executable_path/Frameworks @loader_path/Frameworks";
				PRODUCT_BUNDLE_IDENTIFIER = com.ruberapps.FlixTests;
				PRODUCT_NAME = "$(TARGET_NAME)";
				SWIFT_VERSION = 4.0;
				TARGETED_DEVICE_FAMILY = "1,2";
				TEST_HOST = "$(BUILT_PRODUCTS_DIR)/Flix.app/Flix";
			};
			name = Release;
		};
		9807371A20214D5B004793A1 /* Debug */ = {
			isa = XCBuildConfiguration;
			baseConfigurationReference = CD0F11E154D934FE7D366B5F /* Pods-FlixUITests.debug.xcconfig */;
			buildSettings = {
				ALWAYS_EMBED_SWIFT_STANDARD_LIBRARIES = YES;
				CODE_SIGN_STYLE = Automatic;
				DEVELOPMENT_TEAM = DSX523G48J;
				INFOPLIST_FILE = FlixUITests/Info.plist;
				LD_RUNPATH_SEARCH_PATHS = "$(inherited) @executable_path/Frameworks @loader_path/Frameworks";
				PRODUCT_BUNDLE_IDENTIFIER = com.ruberapps.FlixUITests;
				PRODUCT_NAME = "$(TARGET_NAME)";
				SWIFT_VERSION = 4.0;
				TARGETED_DEVICE_FAMILY = "1,2";
				TEST_TARGET_NAME = Flix;
			};
			name = Debug;
		};
		9807371B20214D5B004793A1 /* Release */ = {
			isa = XCBuildConfiguration;
			baseConfigurationReference = 2974089699CB097DC66DD1C4 /* Pods-FlixUITests.release.xcconfig */;
			buildSettings = {
				ALWAYS_EMBED_SWIFT_STANDARD_LIBRARIES = YES;
				CODE_SIGN_STYLE = Automatic;
				DEVELOPMENT_TEAM = DSX523G48J;
				INFOPLIST_FILE = FlixUITests/Info.plist;
				LD_RUNPATH_SEARCH_PATHS = "$(inherited) @executable_path/Frameworks @loader_path/Frameworks";
				PRODUCT_BUNDLE_IDENTIFIER = com.ruberapps.FlixUITests;
				PRODUCT_NAME = "$(TARGET_NAME)";
				SWIFT_VERSION = 4.0;
				TARGETED_DEVICE_FAMILY = "1,2";
				TEST_TARGET_NAME = Flix;
			};
			name = Release;
		};
/* End XCBuildConfiguration section */

/* Begin XCConfigurationList section */
		980736E620214D5B004793A1 /* Build configuration list for PBXProject "Flix" */ = {
			isa = XCConfigurationList;
			buildConfigurations = (
				9807371120214D5B004793A1 /* Debug */,
				9807371220214D5B004793A1 /* Release */,
			);
			defaultConfigurationIsVisible = 0;
			defaultConfigurationName = Release;
		};
		9807371320214D5B004793A1 /* Build configuration list for PBXNativeTarget "Flix" */ = {
			isa = XCConfigurationList;
			buildConfigurations = (
				9807371420214D5B004793A1 /* Debug */,
				9807371520214D5B004793A1 /* Release */,
			);
			defaultConfigurationIsVisible = 0;
			defaultConfigurationName = Release;
		};
		9807371620214D5B004793A1 /* Build configuration list for PBXNativeTarget "FlixTests" */ = {
			isa = XCConfigurationList;
			buildConfigurations = (
				9807371720214D5B004793A1 /* Debug */,
				9807371820214D5B004793A1 /* Release */,
			);
			defaultConfigurationIsVisible = 0;
			defaultConfigurationName = Release;
		};
		9807371920214D5B004793A1 /* Build configuration list for PBXNativeTarget "FlixUITests" */ = {
			isa = XCConfigurationList;
			buildConfigurations = (
				9807371A20214D5B004793A1 /* Debug */,
				9807371B20214D5B004793A1 /* Release */,
			);
			defaultConfigurationIsVisible = 0;
			defaultConfigurationName = Release;
		};
/* End XCConfigurationList section */
	};
	rootObject = 980736E320214D5B004793A1 /* Project object */;
}
